
Microsoft Visual Studio Solution File, Format Version 12.00
# Visual Studio 15
VisualStudioVersion = 15.0.26430.15
MinimumVisualStudioVersion = 10.0.40219.1
Project("{2150E333-8FDC-42A3-9474-1A3956D46DE8}") = ".nuget", ".nuget", "{E655C698-07C8-4F4B-92FA-4A4D0FDFB7A2}"
	ProjectSection(SolutionItems) = preProject
		.nuget\NuGet.Config = .nuget\NuGet.Config
		.nuget\NuGet.exe = .nuget\NuGet.exe
		.nuget\NuGet.targets = .nuget\NuGet.targets
	EndProjectSection
EndProject
Project("{9A19103F-16F7-4668-BE54-9A1E7A4F7556}") = "Ego.PDF.Samples", "Ego.PDF.Samples\Ego.PDF.Samples.csproj", "{770011E2-1F6D-401C-BF89-EF1A6FC7F145}"
EndProject
Project("{FAE04EC0-301F-11D3-BF4B-00C04F79EFBC}") = "Ego.PDF.WebTestCore", "Ego.PDF.WebTestCore\Ego.PDF.WebTestCore.csproj", "{12021ECA-8399-4E56-8CA9-4BBEE67A692C}"
EndProject
Project("{9A19103F-16F7-4668-BE54-9A1E7A4F7556}") = "Ego.PdfCore", "Ego.PDF\Ego.PdfCore.csproj", "{B220BDD1-C995-4D6F-9706-7A3CF199CC88}"
EndProject
Project("{FAE04EC0-301F-11D3-BF4B-00C04F79EFBC}") = "WindowsFormsApp2", "WindowsFormsApp2\WindowsFormsApp2.csproj", "{B33CAF2D-F611-440D-A3B6-125A54ACC808}"
EndProject
Global
	GlobalSection(SolutionConfigurationPlatforms) = preSolution
		Debug|Any CPU = Debug|Any CPU
		Debug|Mixed Platforms = Debug|Mixed Platforms
		Debug|x86 = Debug|x86
		Release|Any CPU = Release|Any CPU
		Release|Mixed Platforms = Release|Mixed Platforms
		Release|x86 = Release|x86
	EndGlobalSection
	GlobalSection(ProjectConfigurationPlatforms) = postSolution
		{770011E2-1F6D-401C-BF89-EF1A6FC7F145}.Debug|Any CPU.ActiveCfg = Debug|Any CPU
		{770011E2-1F6D-401C-BF89-EF1A6FC7F145}.Debug|Any CPU.Build.0 = Debug|Any CPU
		{770011E2-1F6D-401C-BF89-EF1A6FC7F145}.Debug|Mixed Platforms.ActiveCfg = Debug|Any CPU
		{770011E2-1F6D-401C-BF89-EF1A6FC7F145}.Debug|Mixed Platforms.Build.0 = Debug|Any CPU
		{770011E2-1F6D-401C-BF89-EF1A6FC7F145}.Debug|x86.ActiveCfg = Debug|Any CPU
		{770011E2-1F6D-401C-BF89-EF1A6FC7F145}.Release|Any CPU.ActiveCfg = Release|Any CPU
		{770011E2-1F6D-401C-BF89-EF1A6FC7F145}.Release|Any CPU.Build.0 = Release|Any CPU
		{770011E2-1F6D-401C-BF89-EF1A6FC7F145}.Release|Mixed Platforms.ActiveCfg = Release|Any CPU
		{770011E2-1F6D-401C-BF89-EF1A6FC7F145}.Release|Mixed Platforms.Build.0 = Release|Any CPU
		{770011E2-1F6D-401C-BF89-EF1A6FC7F145}.Release|x86.ActiveCfg = Release|Any CPU
		{12021ECA-8399-4E56-8CA9-4BBEE67A692C}.Debug|Any CPU.ActiveCfg = Debug|Any CPU
		{12021ECA-8399-4E56-8CA9-4BBEE67A692C}.Debug|Any CPU.Build.0 = Debug|Any CPU
		{12021ECA-8399-4E56-8CA9-4BBEE67A692C}.Debug|Mixed Platforms.ActiveCfg = Debug|Any CPU
		{12021ECA-8399-4E56-8CA9-4BBEE67A692C}.Debug|Mixed Platforms.Build.0 = Debug|Any CPU
		{12021ECA-8399-4E56-8CA9-4BBEE67A692C}.Debug|x86.ActiveCfg = Debug|Any CPU
		{12021ECA-8399-4E56-8CA9-4BBEE67A692C}.Debug|x86.Build.0 = Debug|Any CPU
		{12021ECA-8399-4E56-8CA9-4BBEE67A692C}.Release|Any CPU.ActiveCfg = Release|Any CPU
		{12021ECA-8399-4E56-8CA9-4BBEE67A692C}.Release|Any CPU.Build.0 = Release|Any CPU
		{12021ECA-8399-4E56-8CA9-4BBEE67A692C}.Release|Mixed Platforms.ActiveCfg = Release|Any CPU
		{12021ECA-8399-4E56-8CA9-4BBEE67A692C}.Release|Mixed Platforms.Build.0 = Release|Any CPU
		{12021ECA-8399-4E56-8CA9-4BBEE67A692C}.Release|x86.ActiveCfg = Release|Any CPU
		{12021ECA-8399-4E56-8CA9-4BBEE67A692C}.Release|x86.Build.0 = Release|Any CPU
		{B220BDD1-C995-4D6F-9706-7A3CF199CC88}.Debug|Any CPU.ActiveCfg = Debug|Any CPU
		{B220BDD1-C995-4D6F-9706-7A3CF199CC88}.Debug|Any CPU.Build.0 = Debug|Any CPU
		{B220BDD1-C995-4D6F-9706-7A3CF199CC88}.Debug|Mixed Platforms.ActiveCfg = Debug|Any CPU
		{B220BDD1-C995-4D6F-9706-7A3CF199CC88}.Debug|Mixed Platforms.Build.0 = Debug|Any CPU
		{B220BDD1-C995-4D6F-9706-7A3CF199CC88}.Debug|x86.ActiveCfg = Debug|Any CPU
		{B220BDD1-C995-4D6F-9706-7A3CF199CC88}.Debug|x86.Build.0 = Debug|Any CPU
		{B220BDD1-C995-4D6F-9706-7A3CF199CC88}.Release|Any CPU.ActiveCfg = Release|Any CPU
		{B220BDD1-C995-4D6F-9706-7A3CF199CC88}.Release|Any CPU.Build.0 = Release|Any CPU
		{B220BDD1-C995-4D6F-9706-7A3CF199CC88}.Release|Mixed Platforms.ActiveCfg = Release|Any CPU
		{B220BDD1-C995-4D6F-9706-7A3CF199CC88}.Release|Mixed Platforms.Build.0 = Release|Any CPU
		{B220BDD1-C995-4D6F-9706-7A3CF199CC88}.Release|x86.ActiveCfg = Release|Any CPU
		{B220BDD1-C995-4D6F-9706-7A3CF199CC88}.Release|x86.Build.0 = Release|Any CPU
		{B33CAF2D-F611-440D-A3B6-125A54ACC808}.Debug|Any CPU.ActiveCfg = Debug|Any CPU
		{B33CAF2D-F611-440D-A3B6-125A54ACC808}.Debug|Any CPU.Build.0 = Debug|Any CPU
		{B33CAF2D-F611-440D-A3B6-125A54ACC808}.Debug|Mixed Platforms.ActiveCfg = Debug|Any CPU
		{B33CAF2D-F611-440D-A3B6-125A54ACC808}.Debug|Mixed Platforms.Build.0 = Debug|Any CPU
		{B33CAF2D-F611-440D-A3B6-125A54ACC808}.Debug|x86.ActiveCfg = Debug|Any CPU
		{B33CAF2D-F611-440D-A3B6-125A54ACC808}.Debug|x86.Build.0 = Debug|Any CPU
		{B33CAF2D-F611-440D-A3B6-125A54ACC808}.Release|Any CPU.ActiveCfg = Release|Any CPU
		{B33CAF2D-F611-440D-A3B6-125A54ACC808}.Release|Any CPU.Build.0 = Release|Any CPU
		{B33CAF2D-F611-440D-A3B6-125A54ACC808}.Release|Mixed Platforms.ActiveCfg = Release|Any CPU
		{B33CAF2D-F611-440D-A3B6-125A54ACC808}.Release|Mixed Platforms.Build.0 = Release|Any CPU
		{B33CAF2D-F611-440D-A3B6-125A54ACC808}.Release|x86.ActiveCfg = Release|Any CPU
		{B33CAF2D-F611-440D-A3B6-125A54ACC808}.Release|x86.Build.0 = Release|Any CPU
	EndGlobalSection
	GlobalSection(SolutionProperties) = preSolution
		HideSolutionNode = FALSE
	EndGlobalSection
EndGlobal
