
Microsoft Visual Studio Solution File, Format Version 12.00
# Visual Studio Version 16
VisualStudioVersion = 16.0.30204.135
MinimumVisualStudioVersion = 10.0.40219.1
Project("{9A19103F-16F7-4668-BE54-9A1E7A4F7556}") = "Ego.PDF.Samples", "Ego.PDF.Samples\Ego.PDF.Samples.csproj", "{770011E2-1F6D-401C-BF89-EF1A6FC7F145}"
EndProject
Project("{9A19103F-16F7-4668-BE54-9A1E7A4F7556}") = "Ego.PdfCore", "Ego.PdfCore\Ego.PdfCore.csproj", "{B220BDD1-C995-4D6F-9706-7A3CF199CC88}"
EndProject
Project("{9A19103F-16F7-4668-BE54-9A1E7A4F7556}") = "WebDemo", "WebDemo\WebDemo.csproj", "{6FCC7EEE-BEAC-41AB-95ED-8C03DBD7DCA3}"
EndProject
Project("{9A19103F-16F7-4668-BE54-9A1E7A4F7556}") = "Ego.Pdf.Test", "Ego.Pdf.Test\Ego.Pdf.Test.csproj", "{B08C74F7-F3DD-413B-92F7-F09045B01A14}"
EndProject
Project("{2150E333-8FDC-42A3-9474-1A3956D46DE8}") = "Support", "Support", "{1B35AB50-FF34-4C63-917E-66AE6CDE7855}"
EndProject
Project("{FAE04EC0-301F-11D3-BF4B-00C04F79EFBC}") = "FontImport", "Support\FontImport\FontImport.csproj", "{FCBCBA88-B861-4DA3-B779-904638CC82B0}"
EndProject
Global
	GlobalSection(SolutionConfigurationPlatforms) = preSolution
		Debug|Any CPU = Debug|Any CPU
		Debug|Mixed Platforms = Debug|Mixed Platforms
		Debug|x86 = Debug|x86
		Release|Any CPU = Release|Any CPU
		Release|Mixed Platforms = Release|Mixed Platforms
		Release|x86 = Release|x86
	EndGlobalSection
	GlobalSection(ProjectConfigurationPlatforms) = postSolution
		{770011E2-1F6D-401C-BF89-EF1A6FC7F145}.Debug|Any CPU.ActiveCfg = Debug|Any CPU
		{770011E2-1F6D-401C-BF89-EF1A6FC7F145}.Debug|Any CPU.Build.0 = Debug|Any CPU
		{770011E2-1F6D-401C-BF89-EF1A6FC7F145}.Debug|Mixed Platforms.ActiveCfg = Debug|Any CPU
		{770011E2-1F6D-401C-BF89-EF1A6FC7F145}.Debug|Mixed Platforms.Build.0 = Debug|Any CPU
		{770011E2-1F6D-401C-BF89-EF1A6FC7F145}.Debug|x86.ActiveCfg = Debug|Any CPU
		{770011E2-1F6D-401C-BF89-EF1A6FC7F145}.Release|Any CPU.ActiveCfg = Release|Any CPU
		{770011E2-1F6D-401C-BF89-EF1A6FC7F145}.Release|Any CPU.Build.0 = Release|Any CPU
		{770011E2-1F6D-401C-BF89-EF1A6FC7F145}.Release|Mixed Platforms.ActiveCfg = Release|Any CPU
		{770011E2-1F6D-401C-BF89-EF1A6FC7F145}.Release|Mixed Platforms.Build.0 = Release|Any CPU
		{770011E2-1F6D-401C-BF89-EF1A6FC7F145}.Release|x86.ActiveCfg = Release|Any CPU
		{B220BDD1-C995-4D6F-9706-7A3CF199CC88}.Debug|Any CPU.ActiveCfg = Debug|Any CPU
		{B220BDD1-C995-4D6F-9706-7A3CF199CC88}.Debug|Any CPU.Build.0 = Debug|Any CPU
		{B220BDD1-C995-4D6F-9706-7A3CF199CC88}.Debug|Mixed Platforms.ActiveCfg = Debug|Any CPU
		{B220BDD1-C995-4D6F-9706-7A3CF199CC88}.Debug|Mixed Platforms.Build.0 = Debug|Any CPU
		{B220BDD1-C995-4D6F-9706-7A3CF199CC88}.Debug|x86.ActiveCfg = Debug|Any CPU
		{B220BDD1-C995-4D6F-9706-7A3CF199CC88}.Debug|x86.Build.0 = Debug|Any CPU
		{B220BDD1-C995-4D6F-9706-7A3CF199CC88}.Release|Any CPU.ActiveCfg = Release|Any CPU
		{B220BDD1-C995-4D6F-9706-7A3CF199CC88}.Release|Any CPU.Build.0 = Release|Any CPU
		{B220BDD1-C995-4D6F-9706-7A3CF199CC88}.Release|Mixed Platforms.ActiveCfg = Release|Any CPU
		{B220BDD1-C995-4D6F-9706-7A3CF199CC88}.Release|Mixed Platforms.Build.0 = Release|Any CPU
		{B220BDD1-C995-4D6F-9706-7A3CF199CC88}.Release|x86.ActiveCfg = Release|Any CPU
		{B220BDD1-C995-4D6F-9706-7A3CF199CC88}.Release|x86.Build.0 = Release|Any CPU
		{6FCC7EEE-BEAC-41AB-95ED-8C03DBD7DCA3}.Debug|Any CPU.ActiveCfg = Debug|Any CPU
		{6FCC7EEE-BEAC-41AB-95ED-8C03DBD7DCA3}.Debug|Any CPU.Build.0 = Debug|Any CPU
		{6FCC7EEE-BEAC-41AB-95ED-8C03DBD7DCA3}.Debug|Mixed Platforms.ActiveCfg = Debug|Any CPU
		{6FCC7EEE-BEAC-41AB-95ED-8C03DBD7DCA3}.Debug|Mixed Platforms.Build.0 = Debug|Any CPU
		{6FCC7EEE-BEAC-41AB-95ED-8C03DBD7DCA3}.Debug|x86.ActiveCfg = Debug|Any CPU
		{6FCC7EEE-BEAC-41AB-95ED-8C03DBD7DCA3}.Debug|x86.Build.0 = Debug|Any CPU
		{6FCC7EEE-BEAC-41AB-95ED-8C03DBD7DCA3}.Release|Any CPU.ActiveCfg = Release|Any CPU
		{6FCC7EEE-BEAC-41AB-95ED-8C03DBD7DCA3}.Release|Any CPU.Build.0 = Release|Any CPU
		{6FCC7EEE-BEAC-41AB-95ED-8C03DBD7DCA3}.Release|Mixed Platforms.ActiveCfg = Release|Any CPU
		{6FCC7EEE-BEAC-41AB-95ED-8C03DBD7DCA3}.Release|Mixed Platforms.Build.0 = Release|Any CPU
		{6FCC7EEE-BEAC-41AB-95ED-8C03DBD7DCA3}.Release|x86.ActiveCfg = Release|Any CPU
		{6FCC7EEE-BEAC-41AB-95ED-8C03DBD7DCA3}.Release|x86.Build.0 = Release|Any CPU
		{B08C74F7-F3DD-413B-92F7-F09045B01A14}.Debug|Any CPU.ActiveCfg = Debug|Any CPU
		{B08C74F7-F3DD-413B-92F7-F09045B01A14}.Debug|Any CPU.Build.0 = Debug|Any CPU
		{B08C74F7-F3DD-413B-92F7-F09045B01A14}.Debug|Mixed Platforms.ActiveCfg = Debug|Any CPU
		{B08C74F7-F3DD-413B-92F7-F09045B01A14}.Debug|Mixed Platforms.Build.0 = Debug|Any CPU
		{B08C74F7-F3DD-413B-92F7-F09045B01A14}.Debug|x86.ActiveCfg = Debug|Any CPU
		{B08C74F7-F3DD-413B-92F7-F09045B01A14}.Debug|x86.Build.0 = Debug|Any CPU
		{B08C74F7-F3DD-413B-92F7-F09045B01A14}.Release|Any CPU.ActiveCfg = Release|Any CPU
		{B08C74F7-F3DD-413B-92F7-F09045B01A14}.Release|Any CPU.Build.0 = Release|Any CPU
		{B08C74F7-F3DD-413B-92F7-F09045B01A14}.Release|Mixed Platforms.ActiveCfg = Release|Any CPU
		{B08C74F7-F3DD-413B-92F7-F09045B01A14}.Release|Mixed Platforms.Build.0 = Release|Any CPU
		{B08C74F7-F3DD-413B-92F7-F09045B01A14}.Release|x86.ActiveCfg = Release|Any CPU
		{B08C74F7-F3DD-413B-92F7-F09045B01A14}.Release|x86.Build.0 = Release|Any CPU
		{FCBCBA88-B861-4DA3-B779-904638CC82B0}.Debug|Any CPU.ActiveCfg = Debug|Any CPU
		{FCBCBA88-B861-4DA3-B779-904638CC82B0}.Debug|Any CPU.Build.0 = Debug|Any CPU
		{FCBCBA88-B861-4DA3-B779-904638CC82B0}.Debug|Mixed Platforms.ActiveCfg = Debug|Any CPU
		{FCBCBA88-B861-4DA3-B779-904638CC82B0}.Debug|Mixed Platforms.Build.0 = Debug|Any CPU
		{FCBCBA88-B861-4DA3-B779-904638CC82B0}.Debug|x86.ActiveCfg = Debug|Any CPU
		{FCBCBA88-B861-4DA3-B779-904638CC82B0}.Debug|x86.Build.0 = Debug|Any CPU
		{FCBCBA88-B861-4DA3-B779-904638CC82B0}.Release|Any CPU.ActiveCfg = Release|Any CPU
		{FCBCBA88-B861-4DA3-B779-904638CC82B0}.Release|Any CPU.Build.0 = Release|Any CPU
		{FCBCBA88-B861-4DA3-B779-904638CC82B0}.Release|Mixed Platforms.ActiveCfg = Release|Any CPU
		{FCBCBA88-B861-4DA3-B779-904638CC82B0}.Release|Mixed Platforms.Build.0 = Release|Any CPU
		{FCBCBA88-B861-4DA3-B779-904638CC82B0}.Release|x86.ActiveCfg = Release|Any CPU
		{FCBCBA88-B861-4DA3-B779-904638CC82B0}.Release|x86.Build.0 = Release|Any CPU
	EndGlobalSection
	GlobalSection(SolutionProperties) = preSolution
		HideSolutionNode = FALSE
	EndGlobalSection
	GlobalSection(NestedProjects) = preSolution
		{FCBCBA88-B861-4DA3-B779-904638CC82B0} = {1B35AB50-FF34-4C63-917E-66AE6CDE7855}
	EndGlobalSection
	GlobalSection(ExtensibilityGlobals) = postSolution
		SolutionGuid = {37ED3D79-D045-4801-B947-E0ACFB4465D4}
	EndGlobalSection
EndGlobal
